// !$*UTF8*$!
{
	archiveVersion = 1;
	classes = {
	};
	objectVersion = 56;
	objects = {

/* Begin PBXBuildFile section */
		641220E729B0228400561860 /* RollInitiativeViewController.swift in Sources */ = {isa = PBXBuildFile; fileRef = 641220E429B0228400561860 /* RollInitiativeViewController.swift */; };
		641220E829B0228400561860 /* RollResultsViewController.swift in Sources */ = {isa = PBXBuildFile; fileRef = 641220E529B0228400561860 /* RollResultsViewController.swift */; };
		643651082991AA260017AA0E /* AppDelegate.swift in Sources */ = {isa = PBXBuildFile; fileRef = 643651072991AA260017AA0E /* AppDelegate.swift */; };
		6436510A2991AA260017AA0E /* SceneDelegate.swift in Sources */ = {isa = PBXBuildFile; fileRef = 643651092991AA260017AA0E /* SceneDelegate.swift */; };
		6436510F2991AA270017AA0E /* Main.storyboard in Resources */ = {isa = PBXBuildFile; fileRef = 6436510D2991AA270017AA0E /* Main.storyboard */; };
		643651112991AA280017AA0E /* Assets.xcassets in Resources */ = {isa = PBXBuildFile; fileRef = 643651102991AA280017AA0E /* Assets.xcassets */; };
		643651142991AA280017AA0E /* LaunchScreen.storyboard in Resources */ = {isa = PBXBuildFile; fileRef = 643651122991AA280017AA0E /* LaunchScreen.storyboard */; };
		646DD2BA29A6B6DB001FB2BB /* Game.swift in Sources */ = {isa = PBXBuildFile; fileRef = 646DD2B929A6B6DB001FB2BB /* Game.swift */; };
		646DD2BC29A6B6F2001FB2BB /* RPGCharacter.swift in Sources */ = {isa = PBXBuildFile; fileRef = 646DD2BB29A6B6F2001FB2BB /* RPGCharacter.swift */; };
		646DD2BE29A6B6FC001FB2BB /* Weapon.swift in Sources */ = {isa = PBXBuildFile; fileRef = 646DD2BD29A6B6FC001FB2BB /* Weapon.swift */; };
		646DD2C029A6B70A001FB2BB /* Armor.swift in Sources */ = {isa = PBXBuildFile; fileRef = 646DD2BF29A6B70A001FB2BB /* Armor.swift */; };
		646DD2C229A6B721001FB2BB /* Item.swift in Sources */ = {isa = PBXBuildFile; fileRef = 646DD2C129A6B721001FB2BB /* Item.swift */; };
		649A4B2629A972BF00377575 /* StepStrikersTests.swift in Sources */ = {isa = PBXBuildFile; fileRef = 649A4B2529A972BF00377575 /* StepStrikersTests.swift */; };
		649A4B2D29A9731D00377575 /* RPGCharacterTests.swift in Sources */ = {isa = PBXBuildFile; fileRef = 649A4B2C29A9731D00377575 /* RPGCharacterTests.swift */; };
		649A4B3029A98D9100377575 /* FirebaseFirestore in Frameworks */ = {isa = PBXBuildFile; productRef = 649A4B2F29A98D9100377575 /* FirebaseFirestore */; };
		649A4B3429A9B39A00377575 /* WeaponUnitTests.swift in Sources */ = {isa = PBXBuildFile; fileRef = 649A4B3329A9B39A00377575 /* WeaponUnitTests.swift */; };
		649A4B3629A9C34300377575 /* ArmorUnitTests.swift in Sources */ = {isa = PBXBuildFile; fileRef = 649A4B3529A9C34300377575 /* ArmorUnitTests.swift */; };
		649A4B3829A9D53B00377575 /* ItemUnitTests.swift in Sources */ = {isa = PBXBuildFile; fileRef = 649A4B3729A9D53B00377575 /* ItemUnitTests.swift */; };
		649A4B3A29A9E93100377575 /* GameUnitTests.swift in Sources */ = {isa = PBXBuildFile; fileRef = 649A4B3929A9E93100377575 /* GameUnitTests.swift */; };
		649A4B3C29AACB4100377575 /* Caster.swift in Sources */ = {isa = PBXBuildFile; fileRef = 649A4B3B29AACB4100377575 /* Caster.swift */; };
		649A4B3E29AACBEA00377575 /* CharacterClasses.swift in Sources */ = {isa = PBXBuildFile; fileRef = 649A4B3D29AACBEA00377575 /* CharacterClasses.swift */; };
		649A4B4029AAD36B00377575 /* CharacterClassUnitTests.swift in Sources */ = {isa = PBXBuildFile; fileRef = 649A4B3F29AAD36B00377575 /* CharacterClassUnitTests.swift */; };
		64A2876029A4211D00922509 /* Adventurer.ttf in Resources */ = {isa = PBXBuildFile; fileRef = 64A2875D29A4211D00922509 /* Adventurer.ttf */; };
		64A2876129A4211D00922509 /* munro.ttf in Resources */ = {isa = PBXBuildFile; fileRef = 64A2875E29A4211D00922509 /* munro.ttf */; };
		64A2876229A4211D00922509 /* iso8.ttf in Resources */ = {isa = PBXBuildFile; fileRef = 64A2875F29A4211D00922509 /* iso8.ttf */; };
		64CD580029AFBD69002F4F5A /* BattleRollViewController.swift in Sources */ = {isa = PBXBuildFile; fileRef = 64CD57F329AFBD69002F4F5A /* BattleRollViewController.swift */; };
		64CD580129AFBD69002F4F5A /* BattleIdleViewController.swift in Sources */ = {isa = PBXBuildFile; fileRef = 64CD57F429AFBD69002F4F5A /* BattleIdleViewController.swift */; };
		64CD580229AFBD69002F4F5A /* BattleSelectEquipViewController.swift in Sources */ = {isa = PBXBuildFile; fileRef = 64CD57F529AFBD69002F4F5A /* BattleSelectEquipViewController.swift */; };
		64CD580329AFBD69002F4F5A /* StatsTableViewCell.swift in Sources */ = {isa = PBXBuildFile; fileRef = 64CD57F729AFBD69002F4F5A /* StatsTableViewCell.swift */; };
		64CD580429AFBD69002F4F5A /* EquipTableViewCell.swift in Sources */ = {isa = PBXBuildFile; fileRef = 64CD57F829AFBD69002F4F5A /* EquipTableViewCell.swift */; };
		64CD580529AFBD69002F4F5A /* BattleTableStructs.swift in Sources */ = {isa = PBXBuildFile; fileRef = 64CD57F929AFBD69002F4F5A /* BattleTableStructs.swift */; };
		64CD580629AFBD69002F4F5A /* StatsHeaderTableViewCell.swift in Sources */ = {isa = PBXBuildFile; fileRef = 64CD57FA29AFBD69002F4F5A /* StatsHeaderTableViewCell.swift */; };
		64CD580729AFBD6A002F4F5A /* ItemTableViewCell.swift in Sources */ = {isa = PBXBuildFile; fileRef = 64CD57FB29AFBD69002F4F5A /* ItemTableViewCell.swift */; };
		64CD580829AFBD6A002F4F5A /* ActionTableViewCell.swift in Sources */ = {isa = PBXBuildFile; fileRef = 64CD57FC29AFBD69002F4F5A /* ActionTableViewCell.swift */; };
		64CD580929AFBD6A002F4F5A /* BattleSelectActionViewController.swift in Sources */ = {isa = PBXBuildFile; fileRef = 64CD57FD29AFBD69002F4F5A /* BattleSelectActionViewController.swift */; };
		64CD580A29AFBD6A002F4F5A /* ExtendUIViewController.swift in Sources */ = {isa = PBXBuildFile; fileRef = 64CD57FE29AFBD69002F4F5A /* ExtendUIViewController.swift */; };
		64CD580B29AFBD6A002F4F5A /* BattleSelectItemViewController.swift in Sources */ = {isa = PBXBuildFile; fileRef = 64CD57FF29AFBD69002F4F5A /* BattleSelectItemViewController.swift */; };
		64ECD37C29AFD5F300E28D13 /* MessageLogUnitTests.swift in Sources */ = {isa = PBXBuildFile; fileRef = 64ECD37B29AFD5F300E28D13 /* MessageLogUnitTests.swift */; };
		64ECD37E29AFD61300E28D13 /* CasterUnitTests.swift in Sources */ = {isa = PBXBuildFile; fileRef = 64ECD37D29AFD61300E28D13 /* CasterUnitTests.swift */; };
		64ECD38029AFD69100E28D13 /* MessageLog.swift in Sources */ = {isa = PBXBuildFile; fileRef = 64ECD37F29AFD69100E28D13 /* MessageLog.swift */; };
		823A17AB29B2818400B92BCB /* InventoryViewController.swift in Sources */ = {isa = PBXBuildFile; fileRef = 823A17AA29B2818400B92BCB /* InventoryViewController.swift */; };
		82490AF129A81F5800ECBFD7 /* RegistrationViewController.swift in Sources */ = {isa = PBXBuildFile; fileRef = 82490AF029A81F5800ECBFD7 /* RegistrationViewController.swift */; };
		82490AF329A81F6500ECBFD7 /* LoginViewController.swift in Sources */ = {isa = PBXBuildFile; fileRef = 82490AF229A81F6500ECBFD7 /* LoginViewController.swift */; };
		82E457B629AEFB5E006A8DB5 /* GeneralUIViewControllerExtensions.swift in Sources */ = {isa = PBXBuildFile; fileRef = 82E457B529AEFB5E006A8DB5 /* GeneralUIViewControllerExtensions.swift */; };
		EB66578E2992ECAE00CAEAEC /* FirebaseAnalytics in Frameworks */ = {isa = PBXBuildFile; productRef = EB66578D2992ECAE00CAEAEC /* FirebaseAnalytics */; };
		EB6657902992ECAE00CAEAEC /* FirebaseAnalyticsSwift in Frameworks */ = {isa = PBXBuildFile; productRef = EB66578F2992ECAE00CAEAEC /* FirebaseAnalyticsSwift */; };
		EB6657922992ECAE00CAEAEC /* FirebaseFirestore in Frameworks */ = {isa = PBXBuildFile; productRef = EB6657912992ECAE00CAEAEC /* FirebaseFirestore */; };
		EB6657942992ECAE00CAEAEC /* FirebaseFirestoreSwift in Frameworks */ = {isa = PBXBuildFile; productRef = EB6657932992ECAE00CAEAEC /* FirebaseFirestoreSwift */; };
		EBC206852995777D00DEB48C /* GoogleService-Info.plist in Resources */ = {isa = PBXBuildFile; fileRef = EBC206842995777D00DEB48C /* GoogleService-Info.plist */; };
/* End PBXBuildFile section */

/* Begin PBXContainerItemProxy section */
		649A4B2729A972BF00377575 /* PBXContainerItemProxy */ = {
			isa = PBXContainerItemProxy;
			containerPortal = 643650FC2991AA260017AA0E /* Project object */;
			proxyType = 1;
			remoteGlobalIDString = 643651032991AA260017AA0E;
			remoteInfo = "step-strikers-app";
		};
/* End PBXContainerItemProxy section */

/* Begin PBXFileReference section */
		641220E429B0228400561860 /* RollInitiativeViewController.swift */ = {isa = PBXFileReference; fileEncoding = 4; lastKnownFileType = sourcecode.swift; path = RollInitiativeViewController.swift; sourceTree = "<group>"; };
		641220E529B0228400561860 /* RollResultsViewController.swift */ = {isa = PBXFileReference; fileEncoding = 4; lastKnownFileType = sourcecode.swift; path = RollResultsViewController.swift; sourceTree = "<group>"; };
		643651042991AA260017AA0E /* step-strikers-app.app */ = {isa = PBXFileReference; explicitFileType = wrapper.application; includeInIndex = 0; path = "step-strikers-app.app"; sourceTree = BUILT_PRODUCTS_DIR; };
		643651072991AA260017AA0E /* AppDelegate.swift */ = {isa = PBXFileReference; lastKnownFileType = sourcecode.swift; path = AppDelegate.swift; sourceTree = "<group>"; };
		643651092991AA260017AA0E /* SceneDelegate.swift */ = {isa = PBXFileReference; lastKnownFileType = sourcecode.swift; path = SceneDelegate.swift; sourceTree = "<group>"; };
		6436510E2991AA270017AA0E /* Base */ = {isa = PBXFileReference; lastKnownFileType = file.storyboard; name = Base; path = Base.lproj/Main.storyboard; sourceTree = "<group>"; };
		643651102991AA280017AA0E /* Assets.xcassets */ = {isa = PBXFileReference; lastKnownFileType = folder.assetcatalog; path = Assets.xcassets; sourceTree = "<group>"; };
		643651132991AA280017AA0E /* Base */ = {isa = PBXFileReference; lastKnownFileType = file.storyboard; name = Base; path = Base.lproj/LaunchScreen.storyboard; sourceTree = "<group>"; };
		643651152991AA280017AA0E /* Info.plist */ = {isa = PBXFileReference; lastKnownFileType = text.plist.xml; path = Info.plist; sourceTree = "<group>"; };
		646DD2B929A6B6DB001FB2BB /* Game.swift */ = {isa = PBXFileReference; lastKnownFileType = sourcecode.swift; path = Game.swift; sourceTree = "<group>"; };
		646DD2BB29A6B6F2001FB2BB /* RPGCharacter.swift */ = {isa = PBXFileReference; lastKnownFileType = sourcecode.swift; path = RPGCharacter.swift; sourceTree = "<group>"; };
		646DD2BD29A6B6FC001FB2BB /* Weapon.swift */ = {isa = PBXFileReference; lastKnownFileType = sourcecode.swift; path = Weapon.swift; sourceTree = "<group>"; };
		646DD2BF29A6B70A001FB2BB /* Armor.swift */ = {isa = PBXFileReference; lastKnownFileType = sourcecode.swift; path = Armor.swift; sourceTree = "<group>"; };
		646DD2C129A6B721001FB2BB /* Item.swift */ = {isa = PBXFileReference; lastKnownFileType = sourcecode.swift; path = Item.swift; sourceTree = "<group>"; };
		649A4B2329A972BF00377575 /* StepStrikersTests.xctest */ = {isa = PBXFileReference; explicitFileType = wrapper.cfbundle; includeInIndex = 0; path = StepStrikersTests.xctest; sourceTree = BUILT_PRODUCTS_DIR; };
		649A4B2529A972BF00377575 /* StepStrikersTests.swift */ = {isa = PBXFileReference; lastKnownFileType = sourcecode.swift; path = StepStrikersTests.swift; sourceTree = "<group>"; };
		649A4B2C29A9731D00377575 /* RPGCharacterTests.swift */ = {isa = PBXFileReference; lastKnownFileType = sourcecode.swift; path = RPGCharacterTests.swift; sourceTree = "<group>"; };
		649A4B3329A9B39A00377575 /* WeaponUnitTests.swift */ = {isa = PBXFileReference; lastKnownFileType = sourcecode.swift; path = WeaponUnitTests.swift; sourceTree = "<group>"; };
		649A4B3529A9C34300377575 /* ArmorUnitTests.swift */ = {isa = PBXFileReference; lastKnownFileType = sourcecode.swift; path = ArmorUnitTests.swift; sourceTree = "<group>"; };
		649A4B3729A9D53B00377575 /* ItemUnitTests.swift */ = {isa = PBXFileReference; lastKnownFileType = sourcecode.swift; path = ItemUnitTests.swift; sourceTree = "<group>"; };
		649A4B3929A9E93100377575 /* GameUnitTests.swift */ = {isa = PBXFileReference; lastKnownFileType = sourcecode.swift; path = GameUnitTests.swift; sourceTree = "<group>"; };
		649A4B3B29AACB4100377575 /* Caster.swift */ = {isa = PBXFileReference; lastKnownFileType = sourcecode.swift; path = Caster.swift; sourceTree = "<group>"; };
		649A4B3D29AACBEA00377575 /* CharacterClasses.swift */ = {isa = PBXFileReference; lastKnownFileType = sourcecode.swift; path = CharacterClasses.swift; sourceTree = "<group>"; };
		649A4B3F29AAD36B00377575 /* CharacterClassUnitTests.swift */ = {isa = PBXFileReference; lastKnownFileType = sourcecode.swift; path = CharacterClassUnitTests.swift; sourceTree = "<group>"; };
		64A2875D29A4211D00922509 /* Adventurer.ttf */ = {isa = PBXFileReference; lastKnownFileType = file; path = Adventurer.ttf; sourceTree = "<group>"; };
		64A2875E29A4211D00922509 /* munro.ttf */ = {isa = PBXFileReference; lastKnownFileType = file; path = munro.ttf; sourceTree = "<group>"; };
		64A2875F29A4211D00922509 /* iso8.ttf */ = {isa = PBXFileReference; lastKnownFileType = file; path = iso8.ttf; sourceTree = "<group>"; };
		64CD57F329AFBD69002F4F5A /* BattleRollViewController.swift */ = {isa = PBXFileReference; fileEncoding = 4; lastKnownFileType = sourcecode.swift; path = BattleRollViewController.swift; sourceTree = "<group>"; };
		64CD57F429AFBD69002F4F5A /* BattleIdleViewController.swift */ = {isa = PBXFileReference; fileEncoding = 4; lastKnownFileType = sourcecode.swift; path = BattleIdleViewController.swift; sourceTree = "<group>"; };
		64CD57F529AFBD69002F4F5A /* BattleSelectEquipViewController.swift */ = {isa = PBXFileReference; fileEncoding = 4; lastKnownFileType = sourcecode.swift; path = BattleSelectEquipViewController.swift; sourceTree = "<group>"; };
		64CD57F729AFBD69002F4F5A /* StatsTableViewCell.swift */ = {isa = PBXFileReference; fileEncoding = 4; lastKnownFileType = sourcecode.swift; path = StatsTableViewCell.swift; sourceTree = "<group>"; };
		64CD57F829AFBD69002F4F5A /* EquipTableViewCell.swift */ = {isa = PBXFileReference; fileEncoding = 4; lastKnownFileType = sourcecode.swift; path = EquipTableViewCell.swift; sourceTree = "<group>"; };
		64CD57F929AFBD69002F4F5A /* BattleTableStructs.swift */ = {isa = PBXFileReference; fileEncoding = 4; lastKnownFileType = sourcecode.swift; path = BattleTableStructs.swift; sourceTree = "<group>"; };
		64CD57FA29AFBD69002F4F5A /* StatsHeaderTableViewCell.swift */ = {isa = PBXFileReference; fileEncoding = 4; lastKnownFileType = sourcecode.swift; path = StatsHeaderTableViewCell.swift; sourceTree = "<group>"; };
		64CD57FB29AFBD69002F4F5A /* ItemTableViewCell.swift */ = {isa = PBXFileReference; fileEncoding = 4; lastKnownFileType = sourcecode.swift; path = ItemTableViewCell.swift; sourceTree = "<group>"; };
		64CD57FC29AFBD69002F4F5A /* ActionTableViewCell.swift */ = {isa = PBXFileReference; fileEncoding = 4; lastKnownFileType = sourcecode.swift; path = ActionTableViewCell.swift; sourceTree = "<group>"; };
		64CD57FD29AFBD69002F4F5A /* BattleSelectActionViewController.swift */ = {isa = PBXFileReference; fileEncoding = 4; lastKnownFileType = sourcecode.swift; path = BattleSelectActionViewController.swift; sourceTree = "<group>"; };
		64CD57FE29AFBD69002F4F5A /* ExtendUIViewController.swift */ = {isa = PBXFileReference; fileEncoding = 4; lastKnownFileType = sourcecode.swift; path = ExtendUIViewController.swift; sourceTree = "<group>"; };
		64CD57FF29AFBD69002F4F5A /* BattleSelectItemViewController.swift */ = {isa = PBXFileReference; fileEncoding = 4; lastKnownFileType = sourcecode.swift; path = BattleSelectItemViewController.swift; sourceTree = "<group>"; };
		64ECD37B29AFD5F300E28D13 /* MessageLogUnitTests.swift */ = {isa = PBXFileReference; lastKnownFileType = sourcecode.swift; path = MessageLogUnitTests.swift; sourceTree = "<group>"; };
		64ECD37D29AFD61300E28D13 /* CasterUnitTests.swift */ = {isa = PBXFileReference; lastKnownFileType = sourcecode.swift; path = CasterUnitTests.swift; sourceTree = "<group>"; };
		64ECD37F29AFD69100E28D13 /* MessageLog.swift */ = {isa = PBXFileReference; lastKnownFileType = sourcecode.swift; path = MessageLog.swift; sourceTree = "<group>"; };
		823A17AA29B2818400B92BCB /* InventoryViewController.swift */ = {isa = PBXFileReference; lastKnownFileType = sourcecode.swift; path = InventoryViewController.swift; sourceTree = "<group>"; };
		82490AF029A81F5800ECBFD7 /* RegistrationViewController.swift */ = {isa = PBXFileReference; lastKnownFileType = sourcecode.swift; path = RegistrationViewController.swift; sourceTree = "<group>"; };
		82490AF229A81F6500ECBFD7 /* LoginViewController.swift */ = {isa = PBXFileReference; lastKnownFileType = sourcecode.swift; path = LoginViewController.swift; sourceTree = "<group>"; };
		82E457B529AEFB5E006A8DB5 /* GeneralUIViewControllerExtensions.swift */ = {isa = PBXFileReference; lastKnownFileType = sourcecode.swift; path = GeneralUIViewControllerExtensions.swift; sourceTree = "<group>"; };
		EBC206842995777D00DEB48C /* GoogleService-Info.plist */ = {isa = PBXFileReference; fileEncoding = 4; lastKnownFileType = text.plist.xml; path = "GoogleService-Info.plist"; sourceTree = "<group>"; };
/* End PBXFileReference section */

/* Begin PBXFrameworksBuildPhase section */
		643651012991AA260017AA0E /* Frameworks */ = {
			isa = PBXFrameworksBuildPhase;
			buildActionMask = 2147483647;
			files = (
				EB6657902992ECAE00CAEAEC /* FirebaseAnalyticsSwift in Frameworks */,
				EB66578E2992ECAE00CAEAEC /* FirebaseAnalytics in Frameworks */,
				EB6657922992ECAE00CAEAEC /* FirebaseFirestore in Frameworks */,
				EB6657942992ECAE00CAEAEC /* FirebaseFirestoreSwift in Frameworks */,
			);
			runOnlyForDeploymentPostprocessing = 0;
		};
		649A4B2029A972BF00377575 /* Frameworks */ = {
			isa = PBXFrameworksBuildPhase;
			buildActionMask = 2147483647;
			files = (
				649A4B3029A98D9100377575 /* FirebaseFirestore in Frameworks */,
			);
			runOnlyForDeploymentPostprocessing = 0;
		};
/* End PBXFrameworksBuildPhase section */

/* Begin PBXGroup section */
		641220E229B0228400561860 /* Roll Initiative Screens */ = {
			isa = PBXGroup;
			children = (
				641220E429B0228400561860 /* RollInitiativeViewController.swift */,
				641220E529B0228400561860 /* RollResultsViewController.swift */,
			);
			path = "Roll Initiative Screens";
			sourceTree = "<group>";
		};
		643650FB2991AA260017AA0E = {
			isa = PBXGroup;
			children = (
				643651062991AA260017AA0E /* step-strikers-app */,
				649A4B2429A972BF00377575 /* StepStrikersTests */,
				643651052991AA260017AA0E /* Products */,
				649A4B2E29A98D9100377575 /* Frameworks */,
			);
			sourceTree = "<group>";
		};
		643651052991AA260017AA0E /* Products */ = {
			isa = PBXGroup;
			children = (
				643651042991AA260017AA0E /* step-strikers-app.app */,
				649A4B2329A972BF00377575 /* StepStrikersTests.xctest */,
			);
			name = Products;
			sourceTree = "<group>";
		};
		643651062991AA260017AA0E /* step-strikers-app */ = {
			isa = PBXGroup;
			children = (
				646DD2B829A6B68C001FB2BB /* Classes */,
				643651072991AA260017AA0E /* AppDelegate.swift */,
				82E457B529AEFB5E006A8DB5 /* GeneralUIViewControllerExtensions.swift */,
				643651092991AA260017AA0E /* SceneDelegate.swift */,
				6436510D2991AA270017AA0E /* Main.storyboard */,
				823A17AA29B2818400B92BCB /* InventoryViewController.swift */,
				641220E229B0228400561860 /* Roll Initiative Screens */,
				64CD57F229AFBD69002F4F5A /* Battle Screens */,
				82490AF029A81F5800ECBFD7 /* RegistrationViewController.swift */,
				82490AF229A81F6500ECBFD7 /* LoginViewController.swift */,
				64A2876329A4262900922509 /* custom fonts */,
				643651102991AA280017AA0E /* Assets.xcassets */,
				643651122991AA280017AA0E /* LaunchScreen.storyboard */,
				643651152991AA280017AA0E /* Info.plist */,
				EBC206842995777D00DEB48C /* GoogleService-Info.plist */,
			);
			path = "step-strikers-app";
			sourceTree = "<group>";
		};
		646DD2B829A6B68C001FB2BB /* Classes */ = {
			isa = PBXGroup;
			children = (
				646DD2BB29A6B6F2001FB2BB /* RPGCharacter.swift */,
				646DD2B929A6B6DB001FB2BB /* Game.swift */,
				646DD2BD29A6B6FC001FB2BB /* Weapon.swift */,
				646DD2BF29A6B70A001FB2BB /* Armor.swift */,
				646DD2C129A6B721001FB2BB /* Item.swift */,
				649A4B3B29AACB4100377575 /* Caster.swift */,
				649A4B3D29AACBEA00377575 /* CharacterClasses.swift */,
				64ECD37F29AFD69100E28D13 /* MessageLog.swift */,
			);
			path = Classes;
			sourceTree = "<group>";
		};
		649A4B2429A972BF00377575 /* StepStrikersTests */ = {
			isa = PBXGroup;
			children = (
				649A4B2529A972BF00377575 /* StepStrikersTests.swift */,
				649A4B2C29A9731D00377575 /* RPGCharacterTests.swift */,
				649A4B3929A9E93100377575 /* GameUnitTests.swift */,
				649A4B3329A9B39A00377575 /* WeaponUnitTests.swift */,
				649A4B3529A9C34300377575 /* ArmorUnitTests.swift */,
				649A4B3729A9D53B00377575 /* ItemUnitTests.swift */,
				649A4B3F29AAD36B00377575 /* CharacterClassUnitTests.swift */,
				64ECD37B29AFD5F300E28D13 /* MessageLogUnitTests.swift */,
				64ECD37D29AFD61300E28D13 /* CasterUnitTests.swift */,
			);
			path = StepStrikersTests;
			sourceTree = "<group>";
		};
		649A4B2E29A98D9100377575 /* Frameworks */ = {
			isa = PBXGroup;
			children = (
			);
			name = Frameworks;
			sourceTree = "<group>";
		};
		64A2876329A4262900922509 /* custom fonts */ = {
			isa = PBXGroup;
			children = (
				64A2875D29A4211D00922509 /* Adventurer.ttf */,
				64A2875F29A4211D00922509 /* iso8.ttf */,
				64A2875E29A4211D00922509 /* munro.ttf */,
			);
			path = "custom fonts";
			sourceTree = "<group>";
		};
		64CD57F229AFBD69002F4F5A /* Battle Screens */ = {
			isa = PBXGroup;
			children = (
				64CD57F329AFBD69002F4F5A /* BattleRollViewController.swift */,
				64CD57F429AFBD69002F4F5A /* BattleIdleViewController.swift */,
				64CD57F529AFBD69002F4F5A /* BattleSelectEquipViewController.swift */,
				64CD57F629AFBD69002F4F5A /* TableViewCells */,
				64CD57FD29AFBD69002F4F5A /* BattleSelectActionViewController.swift */,
				64CD57FE29AFBD69002F4F5A /* ExtendUIViewController.swift */,
				64CD57FF29AFBD69002F4F5A /* BattleSelectItemViewController.swift */,
			);
			path = "Battle Screens";
			sourceTree = "<group>";
		};
		64CD57F629AFBD69002F4F5A /* TableViewCells */ = {
			isa = PBXGroup;
			children = (
				64CD57F729AFBD69002F4F5A /* StatsTableViewCell.swift */,
				64CD57F829AFBD69002F4F5A /* EquipTableViewCell.swift */,
				64CD57F929AFBD69002F4F5A /* BattleTableStructs.swift */,
				64CD57FA29AFBD69002F4F5A /* StatsHeaderTableViewCell.swift */,
				64CD57FB29AFBD69002F4F5A /* ItemTableViewCell.swift */,
				64CD57FC29AFBD69002F4F5A /* ActionTableViewCell.swift */,
			);
			path = TableViewCells;
			sourceTree = "<group>";
		};
/* End PBXGroup section */

/* Begin PBXNativeTarget section */
		643651032991AA260017AA0E /* step-strikers-app */ = {
			isa = PBXNativeTarget;
			buildConfigurationList = 643651182991AA280017AA0E /* Build configuration list for PBXNativeTarget "step-strikers-app" */;
			buildPhases = (
				643651002991AA260017AA0E /* Sources */,
				643651012991AA260017AA0E /* Frameworks */,
				643651022991AA260017AA0E /* Resources */,
			);
			buildRules = (
			);
			dependencies = (
			);
			name = "step-strikers-app";
			packageProductDependencies = (
				EB66578D2992ECAE00CAEAEC /* FirebaseAnalytics */,
				EB66578F2992ECAE00CAEAEC /* FirebaseAnalyticsSwift */,
				EB6657912992ECAE00CAEAEC /* FirebaseFirestore */,
				EB6657932992ECAE00CAEAEC /* FirebaseFirestoreSwift */,
			);
			productName = "step-strikers-app";
			productReference = 643651042991AA260017AA0E /* step-strikers-app.app */;
			productType = "com.apple.product-type.application";
		};
		649A4B2229A972BF00377575 /* StepStrikersTests */ = {
			isa = PBXNativeTarget;
			buildConfigurationList = 649A4B2929A972BF00377575 /* Build configuration list for PBXNativeTarget "StepStrikersTests" */;
			buildPhases = (
				649A4B1F29A972BF00377575 /* Sources */,
				649A4B2029A972BF00377575 /* Frameworks */,
				649A4B2129A972BF00377575 /* Resources */,
			);
			buildRules = (
			);
			dependencies = (
				649A4B3229A98DA800377575 /* PBXTargetDependency */,
				649A4B2829A972BF00377575 /* PBXTargetDependency */,
			);
			name = StepStrikersTests;
			packageProductDependencies = (
				649A4B2F29A98D9100377575 /* FirebaseFirestore */,
			);
			productName = StepStrikersTests;
			productReference = 649A4B2329A972BF00377575 /* StepStrikersTests.xctest */;
			productType = "com.apple.product-type.bundle.unit-test";
		};
/* End PBXNativeTarget section */

/* Begin PBXProject section */
		643650FC2991AA260017AA0E /* Project object */ = {
			isa = PBXProject;
			attributes = {
				BuildIndependentTargetsInParallel = 1;
				LastSwiftUpdateCheck = 1420;
				LastUpgradeCheck = 1420;
				TargetAttributes = {
					643651032991AA260017AA0E = {
						CreatedOnToolsVersion = 14.2;
					};
					649A4B2229A972BF00377575 = {
						CreatedOnToolsVersion = 14.2;
						TestTargetID = 643651032991AA260017AA0E;
					};
				};
			};
			buildConfigurationList = 643650FF2991AA260017AA0E /* Build configuration list for PBXProject "step-strikers-app" */;
			compatibilityVersion = "Xcode 14.0";
			developmentRegion = en;
			hasScannedForEncodings = 0;
			knownRegions = (
				en,
				Base,
			);
			mainGroup = 643650FB2991AA260017AA0E;
			packageReferences = (
				EB66578C2992ECAE00CAEAEC /* XCRemoteSwiftPackageReference "firebase-ios-sdk" */,
			);
			productRefGroup = 643651052991AA260017AA0E /* Products */;
			projectDirPath = "";
			projectRoot = "";
			targets = (
				643651032991AA260017AA0E /* step-strikers-app */,
				649A4B2229A972BF00377575 /* StepStrikersTests */,
			);
		};
/* End PBXProject section */

/* Begin PBXResourcesBuildPhase section */
		643651022991AA260017AA0E /* Resources */ = {
			isa = PBXResourcesBuildPhase;
			buildActionMask = 2147483647;
			files = (
				64A2876229A4211D00922509 /* iso8.ttf in Resources */,
				643651142991AA280017AA0E /* LaunchScreen.storyboard in Resources */,
				EBC206852995777D00DEB48C /* GoogleService-Info.plist in Resources */,
				64A2876129A4211D00922509 /* munro.ttf in Resources */,
				643651112991AA280017AA0E /* Assets.xcassets in Resources */,
				64A2876029A4211D00922509 /* Adventurer.ttf in Resources */,
				6436510F2991AA270017AA0E /* Main.storyboard in Resources */,
			);
			runOnlyForDeploymentPostprocessing = 0;
		};
		649A4B2129A972BF00377575 /* Resources */ = {
			isa = PBXResourcesBuildPhase;
			buildActionMask = 2147483647;
			files = (
			);
			runOnlyForDeploymentPostprocessing = 0;
		};
/* End PBXResourcesBuildPhase section */

/* Begin PBXSourcesBuildPhase section */
		643651002991AA260017AA0E /* Sources */ = {
			isa = PBXSourcesBuildPhase;
			buildActionMask = 2147483647;
			files = (
				64CD580A29AFBD6A002F4F5A /* ExtendUIViewController.swift in Sources */,
				64CD580029AFBD69002F4F5A /* BattleRollViewController.swift in Sources */,
				64CD580329AFBD69002F4F5A /* StatsTableViewCell.swift in Sources */,
				82490AF329A81F6500ECBFD7 /* LoginViewController.swift in Sources */,
				64CD580829AFBD6A002F4F5A /* ActionTableViewCell.swift in Sources */,
				64CD580929AFBD6A002F4F5A /* BattleSelectActionViewController.swift in Sources */,
				64ECD38029AFD69100E28D13 /* MessageLog.swift in Sources */,
				64CD580729AFBD6A002F4F5A /* ItemTableViewCell.swift in Sources */,
				641220E729B0228400561860 /* RollInitiativeViewController.swift in Sources */,
				646DD2BC29A6B6F2001FB2BB /* RPGCharacter.swift in Sources */,
				649A4B3C29AACB4100377575 /* Caster.swift in Sources */,
				646DD2BA29A6B6DB001FB2BB /* Game.swift in Sources */,
				64CD580629AFBD69002F4F5A /* StatsHeaderTableViewCell.swift in Sources */,
				646DD2C029A6B70A001FB2BB /* Armor.swift in Sources */,
				82490AF129A81F5800ECBFD7 /* RegistrationViewController.swift in Sources */,
				64CD580529AFBD69002F4F5A /* BattleTableStructs.swift in Sources */,
				641220E829B0228400561860 /* RollResultsViewController.swift in Sources */,
				646DD2C229A6B721001FB2BB /* Item.swift in Sources */,
				64CD580429AFBD69002F4F5A /* EquipTableViewCell.swift in Sources */,
				64CD580B29AFBD6A002F4F5A /* BattleSelectItemViewController.swift in Sources */,
				649A4B3E29AACBEA00377575 /* CharacterClasses.swift in Sources */,
				823A17AB29B2818400B92BCB /* InventoryViewController.swift in Sources */,
				643651082991AA260017AA0E /* AppDelegate.swift in Sources */,
				646DD2BE29A6B6FC001FB2BB /* Weapon.swift in Sources */,
				64CD580129AFBD69002F4F5A /* BattleIdleViewController.swift in Sources */,
				6436510A2991AA260017AA0E /* SceneDelegate.swift in Sources */,
				82E457B629AEFB5E006A8DB5 /* GeneralUIViewControllerExtensions.swift in Sources */,
				64CD580229AFBD69002F4F5A /* BattleSelectEquipViewController.swift in Sources */,
			);
			runOnlyForDeploymentPostprocessing = 0;
		};
		649A4B1F29A972BF00377575 /* Sources */ = {
			isa = PBXSourcesBuildPhase;
			buildActionMask = 2147483647;
			files = (
				649A4B3429A9B39A00377575 /* WeaponUnitTests.swift in Sources */,
				649A4B2629A972BF00377575 /* StepStrikersTests.swift in Sources */,
				64ECD37E29AFD61300E28D13 /* CasterUnitTests.swift in Sources */,
				649A4B3829A9D53B00377575 /* ItemUnitTests.swift in Sources */,
				649A4B2D29A9731D00377575 /* RPGCharacterTests.swift in Sources */,
				649A4B3629A9C34300377575 /* ArmorUnitTests.swift in Sources */,
				649A4B4029AAD36B00377575 /* CharacterClassUnitTests.swift in Sources */,
				64ECD37C29AFD5F300E28D13 /* MessageLogUnitTests.swift in Sources */,
				649A4B3A29A9E93100377575 /* GameUnitTests.swift in Sources */,
			);
			runOnlyForDeploymentPostprocessing = 0;
		};
/* End PBXSourcesBuildPhase section */

/* Begin PBXTargetDependency section */
		649A4B2829A972BF00377575 /* PBXTargetDependency */ = {
			isa = PBXTargetDependency;
			target = 643651032991AA260017AA0E /* step-strikers-app */;
			targetProxy = 649A4B2729A972BF00377575 /* PBXContainerItemProxy */;
		};
		649A4B3229A98DA800377575 /* PBXTargetDependency */ = {
			isa = PBXTargetDependency;
			productRef = 649A4B3129A98DA800377575 /* FirebaseFirestore */;
		};
/* End PBXTargetDependency section */

/* Begin PBXVariantGroup section */
		6436510D2991AA270017AA0E /* Main.storyboard */ = {
			isa = PBXVariantGroup;
			children = (
				6436510E2991AA270017AA0E /* Base */,
			);
			name = Main.storyboard;
			sourceTree = "<group>";
		};
		643651122991AA280017AA0E /* LaunchScreen.storyboard */ = {
			isa = PBXVariantGroup;
			children = (
				643651132991AA280017AA0E /* Base */,
			);
			name = LaunchScreen.storyboard;
			sourceTree = "<group>";
		};
/* End PBXVariantGroup section */

/* Begin XCBuildConfiguration section */
		643651162991AA280017AA0E /* Debug */ = {
			isa = XCBuildConfiguration;
			buildSettings = {
				ALWAYS_SEARCH_USER_PATHS = NO;
				CLANG_ANALYZER_NONNULL = YES;
				CLANG_ANALYZER_NUMBER_OBJECT_CONVERSION = YES_AGGRESSIVE;
				CLANG_CXX_LANGUAGE_STANDARD = "gnu++20";
				CLANG_ENABLE_MODULES = YES;
				CLANG_ENABLE_OBJC_ARC = YES;
				CLANG_ENABLE_OBJC_WEAK = YES;
				CLANG_WARN_BLOCK_CAPTURE_AUTORELEASING = YES;
				CLANG_WARN_BOOL_CONVERSION = YES;
				CLANG_WARN_COMMA = YES;
				CLANG_WARN_CONSTANT_CONVERSION = YES;
				CLANG_WARN_DEPRECATED_OBJC_IMPLEMENTATIONS = YES;
				CLANG_WARN_DIRECT_OBJC_ISA_USAGE = YES_ERROR;
				CLANG_WARN_DOCUMENTATION_COMMENTS = YES;
				CLANG_WARN_EMPTY_BODY = YES;
				CLANG_WARN_ENUM_CONVERSION = YES;
				CLANG_WARN_INFINITE_RECURSION = YES;
				CLANG_WARN_INT_CONVERSION = YES;
				CLANG_WARN_NON_LITERAL_NULL_CONVERSION = YES;
				CLANG_WARN_OBJC_IMPLICIT_RETAIN_SELF = YES;
				CLANG_WARN_OBJC_LITERAL_CONVERSION = YES;
				CLANG_WARN_OBJC_ROOT_CLASS = YES_ERROR;
				CLANG_WARN_QUOTED_INCLUDE_IN_FRAMEWORK_HEADER = YES;
				CLANG_WARN_RANGE_LOOP_ANALYSIS = YES;
				CLANG_WARN_STRICT_PROTOTYPES = YES;
				CLANG_WARN_SUSPICIOUS_MOVE = YES;
				CLANG_WARN_UNGUARDED_AVAILABILITY = YES_AGGRESSIVE;
				CLANG_WARN_UNREACHABLE_CODE = YES;
				CLANG_WARN__DUPLICATE_METHOD_MATCH = YES;
				COPY_PHASE_STRIP = NO;
				DEBUG_INFORMATION_FORMAT = dwarf;
				ENABLE_STRICT_OBJC_MSGSEND = YES;
				ENABLE_TESTABILITY = YES;
				GCC_C_LANGUAGE_STANDARD = gnu11;
				GCC_DYNAMIC_NO_PIC = NO;
				GCC_NO_COMMON_BLOCKS = YES;
				GCC_OPTIMIZATION_LEVEL = 0;
				GCC_PREPROCESSOR_DEFINITIONS = (
					"DEBUG=1",
					"$(inherited)",
				);
				GCC_WARN_64_TO_32_BIT_CONVERSION = YES;
				GCC_WARN_ABOUT_RETURN_TYPE = YES_ERROR;
				GCC_WARN_UNDECLARED_SELECTOR = YES;
				GCC_WARN_UNINITIALIZED_AUTOS = YES_AGGRESSIVE;
				GCC_WARN_UNUSED_FUNCTION = YES;
				GCC_WARN_UNUSED_VARIABLE = YES;
				IPHONEOS_DEPLOYMENT_TARGET = 16.2;
				MTL_ENABLE_DEBUG_INFO = INCLUDE_SOURCE;
				MTL_FAST_MATH = YES;
				ONLY_ACTIVE_ARCH = YES;
				SDKROOT = iphoneos;
				SWIFT_ACTIVE_COMPILATION_CONDITIONS = DEBUG;
				SWIFT_OPTIMIZATION_LEVEL = "-Onone";
			};
			name = Debug;
		};
		643651172991AA280017AA0E /* Release */ = {
			isa = XCBuildConfiguration;
			buildSettings = {
				ALWAYS_SEARCH_USER_PATHS = NO;
				CLANG_ANALYZER_NONNULL = YES;
				CLANG_ANALYZER_NUMBER_OBJECT_CONVERSION = YES_AGGRESSIVE;
				CLANG_CXX_LANGUAGE_STANDARD = "gnu++20";
				CLANG_ENABLE_MODULES = YES;
				CLANG_ENABLE_OBJC_ARC = YES;
				CLANG_ENABLE_OBJC_WEAK = YES;
				CLANG_WARN_BLOCK_CAPTURE_AUTORELEASING = YES;
				CLANG_WARN_BOOL_CONVERSION = YES;
				CLANG_WARN_COMMA = YES;
				CLANG_WARN_CONSTANT_CONVERSION = YES;
				CLANG_WARN_DEPRECATED_OBJC_IMPLEMENTATIONS = YES;
				CLANG_WARN_DIRECT_OBJC_ISA_USAGE = YES_ERROR;
				CLANG_WARN_DOCUMENTATION_COMMENTS = YES;
				CLANG_WARN_EMPTY_BODY = YES;
				CLANG_WARN_ENUM_CONVERSION = YES;
				CLANG_WARN_INFINITE_RECURSION = YES;
				CLANG_WARN_INT_CONVERSION = YES;
				CLANG_WARN_NON_LITERAL_NULL_CONVERSION = YES;
				CLANG_WARN_OBJC_IMPLICIT_RETAIN_SELF = YES;
				CLANG_WARN_OBJC_LITERAL_CONVERSION = YES;
				CLANG_WARN_OBJC_ROOT_CLASS = YES_ERROR;
				CLANG_WARN_QUOTED_INCLUDE_IN_FRAMEWORK_HEADER = YES;
				CLANG_WARN_RANGE_LOOP_ANALYSIS = YES;
				CLANG_WARN_STRICT_PROTOTYPES = YES;
				CLANG_WARN_SUSPICIOUS_MOVE = YES;
				CLANG_WARN_UNGUARDED_AVAILABILITY = YES_AGGRESSIVE;
				CLANG_WARN_UNREACHABLE_CODE = YES;
				CLANG_WARN__DUPLICATE_METHOD_MATCH = YES;
				COPY_PHASE_STRIP = NO;
				DEBUG_INFORMATION_FORMAT = "dwarf-with-dsym";
				ENABLE_NS_ASSERTIONS = NO;
				ENABLE_STRICT_OBJC_MSGSEND = YES;
				GCC_C_LANGUAGE_STANDARD = gnu11;
				GCC_NO_COMMON_BLOCKS = YES;
				GCC_WARN_64_TO_32_BIT_CONVERSION = YES;
				GCC_WARN_ABOUT_RETURN_TYPE = YES_ERROR;
				GCC_WARN_UNDECLARED_SELECTOR = YES;
				GCC_WARN_UNINITIALIZED_AUTOS = YES_AGGRESSIVE;
				GCC_WARN_UNUSED_FUNCTION = YES;
				GCC_WARN_UNUSED_VARIABLE = YES;
				IPHONEOS_DEPLOYMENT_TARGET = 16.2;
				MTL_ENABLE_DEBUG_INFO = NO;
				MTL_FAST_MATH = YES;
				SDKROOT = iphoneos;
				SWIFT_COMPILATION_MODE = wholemodule;
				SWIFT_OPTIMIZATION_LEVEL = "-O";
				VALIDATE_PRODUCT = YES;
			};
			name = Release;
		};
		643651192991AA280017AA0E /* Debug */ = {
			isa = XCBuildConfiguration;
			buildSettings = {
				ASSETCATALOG_COMPILER_APPICON_NAME = AppIcon;
				ASSETCATALOG_COMPILER_GLOBAL_ACCENT_COLOR_NAME = AccentColor;
				CODE_SIGN_STYLE = Automatic;
				CURRENT_PROJECT_VERSION = 1;
				DEVELOPMENT_TEAM = GZKR6345ZK;
				GENERATE_INFOPLIST_FILE = YES;
				INFOPLIST_FILE = "step-strikers-app/Info.plist";
				INFOPLIST_KEY_UIApplicationSupportsIndirectInputEvents = YES;
				INFOPLIST_KEY_UILaunchStoryboardName = LaunchScreen;
				INFOPLIST_KEY_UIMainStoryboardFile = Main;
				INFOPLIST_KEY_UISupportedInterfaceOrientations_iPad = "UIInterfaceOrientationPortrait UIInterfaceOrientationPortraitUpsideDown UIInterfaceOrientationLandscapeLeft UIInterfaceOrientationLandscapeRight";
				INFOPLIST_KEY_UISupportedInterfaceOrientations_iPhone = "UIInterfaceOrientationPortrait UIInterfaceOrientationLandscapeLeft UIInterfaceOrientationLandscapeRight";
				LD_RUNPATH_SEARCH_PATHS = (
					"$(inherited)",
					"@executable_path/Frameworks",
				);
				MARKETING_VERSION = 1.0;
				PRODUCT_BUNDLE_IDENTIFIER = "UTCS.step-strikers-app";
				PRODUCT_NAME = "$(TARGET_NAME)";
				SWIFT_EMIT_LOC_STRINGS = YES;
				SWIFT_VERSION = 5.0;
				TARGETED_DEVICE_FAMILY = "1,2";
			};
			name = Debug;
		};
		6436511A2991AA280017AA0E /* Release */ = {
			isa = XCBuildConfiguration;
			buildSettings = {
				ASSETCATALOG_COMPILER_APPICON_NAME = AppIcon;
				ASSETCATALOG_COMPILER_GLOBAL_ACCENT_COLOR_NAME = AccentColor;
				CODE_SIGN_STYLE = Automatic;
				CURRENT_PROJECT_VERSION = 1;
				DEVELOPMENT_TEAM = GZKR6345ZK;
				GENERATE_INFOPLIST_FILE = YES;
				INFOPLIST_FILE = "step-strikers-app/Info.plist";
				INFOPLIST_KEY_UIApplicationSupportsIndirectInputEvents = YES;
				INFOPLIST_KEY_UILaunchStoryboardName = LaunchScreen;
				INFOPLIST_KEY_UIMainStoryboardFile = Main;
				INFOPLIST_KEY_UISupportedInterfaceOrientations_iPad = "UIInterfaceOrientationPortrait UIInterfaceOrientationPortraitUpsideDown UIInterfaceOrientationLandscapeLeft UIInterfaceOrientationLandscapeRight";
				INFOPLIST_KEY_UISupportedInterfaceOrientations_iPhone = "UIInterfaceOrientationPortrait UIInterfaceOrientationLandscapeLeft UIInterfaceOrientationLandscapeRight";
				LD_RUNPATH_SEARCH_PATHS = (
					"$(inherited)",
					"@executable_path/Frameworks",
				);
				MARKETING_VERSION = 1.0;
				PRODUCT_BUNDLE_IDENTIFIER = "UTCS.step-strikers-app";
				PRODUCT_NAME = "$(TARGET_NAME)";
				SWIFT_EMIT_LOC_STRINGS = YES;
				SWIFT_VERSION = 5.0;
				TARGETED_DEVICE_FAMILY = "1,2";
			};
			name = Release;
		};
		649A4B2A29A972BF00377575 /* Debug */ = {
			isa = XCBuildConfiguration;
			buildSettings = {
				BUNDLE_LOADER = "$(TEST_HOST)";
				CODE_SIGN_STYLE = Automatic;
				CURRENT_PROJECT_VERSION = 1;
				DEVELOPMENT_TEAM = GZKR6345ZK;
				GENERATE_INFOPLIST_FILE = YES;
				HEADER_SEARCH_PATHS = "${PODS_ROOT}/Firebase/CoreOnly/Sources";
				MARKETING_VERSION = 1.0;
				PRODUCT_BUNDLE_IDENTIFIER = UTCS.StepStrikersTests;
				PRODUCT_NAME = "$(TARGET_NAME)";
				SWIFT_EMIT_LOC_STRINGS = NO;
				SWIFT_ENFORCE_EXCLUSIVE_ACCESS = off;
				SWIFT_VERSION = 5.0;
				TARGETED_DEVICE_FAMILY = "1,2";
				TEST_HOST = "$(BUILT_PRODUCTS_DIR)/step-strikers-app.app/$(BUNDLE_EXECUTABLE_FOLDER_PATH)/step-strikers-app";
			};
			name = Debug;
		};
		649A4B2B29A972BF00377575 /* Release */ = {
			isa = XCBuildConfiguration;
			buildSettings = {
				BUNDLE_LOADER = "$(TEST_HOST)";
				CODE_SIGN_STYLE = Automatic;
				CURRENT_PROJECT_VERSION = 1;
				DEVELOPMENT_TEAM = GZKR6345ZK;
				GENERATE_INFOPLIST_FILE = YES;
				HEADER_SEARCH_PATHS = "${PODS_ROOT}/Firebase/CoreOnly/Sources";
				MARKETING_VERSION = 1.0;
				PRODUCT_BUNDLE_IDENTIFIER = UTCS.StepStrikersTests;
				PRODUCT_NAME = "$(TARGET_NAME)";
				SWIFT_EMIT_LOC_STRINGS = NO;
				SWIFT_ENFORCE_EXCLUSIVE_ACCESS = off;
				SWIFT_VERSION = 5.0;
				TARGETED_DEVICE_FAMILY = "1,2";
				TEST_HOST = "$(BUILT_PRODUCTS_DIR)/step-strikers-app.app/$(BUNDLE_EXECUTABLE_FOLDER_PATH)/step-strikers-app";
			};
			name = Release;
		};
/* End XCBuildConfiguration section */

/* Begin XCConfigurationList section */
		643650FF2991AA260017AA0E /* Build configuration list for PBXProject "step-strikers-app" */ = {
			isa = XCConfigurationList;
			buildConfigurations = (
				643651162991AA280017AA0E /* Debug */,
				643651172991AA280017AA0E /* Release */,
			);
			defaultConfigurationIsVisible = 0;
			defaultConfigurationName = Release;
		};
		643651182991AA280017AA0E /* Build configuration list for PBXNativeTarget "step-strikers-app" */ = {
			isa = XCConfigurationList;
			buildConfigurations = (
				643651192991AA280017AA0E /* Debug */,
				6436511A2991AA280017AA0E /* Release */,
			);
			defaultConfigurationIsVisible = 0;
			defaultConfigurationName = Release;
		};
		649A4B2929A972BF00377575 /* Build configuration list for PBXNativeTarget "StepStrikersTests" */ = {
			isa = XCConfigurationList;
			buildConfigurations = (
				649A4B2A29A972BF00377575 /* Debug */,
				649A4B2B29A972BF00377575 /* Release */,
			);
			defaultConfigurationIsVisible = 0;
			defaultConfigurationName = Release;
		};
/* End XCConfigurationList section */

/* Begin XCRemoteSwiftPackageReference section */
		EB66578C2992ECAE00CAEAEC /* XCRemoteSwiftPackageReference "firebase-ios-sdk" */ = {
			isa = XCRemoteSwiftPackageReference;
			repositoryURL = "https://github.com/firebase/firebase-ios-sdk";
			requirement = {
				branch = master;
				kind = branch;
			};
		};
/* End XCRemoteSwiftPackageReference section */

/* Begin XCSwiftPackageProductDependency section */
		649A4B2F29A98D9100377575 /* FirebaseFirestore */ = {
			isa = XCSwiftPackageProductDependency;
			package = EB66578C2992ECAE00CAEAEC /* XCRemoteSwiftPackageReference "firebase-ios-sdk" */;
			productName = FirebaseFirestore;
		};
		649A4B3129A98DA800377575 /* FirebaseFirestore */ = {
			isa = XCSwiftPackageProductDependency;
			package = EB66578C2992ECAE00CAEAEC /* XCRemoteSwiftPackageReference "firebase-ios-sdk" */;
			productName = FirebaseFirestore;
		};
		EB66578D2992ECAE00CAEAEC /* FirebaseAnalytics */ = {
			isa = XCSwiftPackageProductDependency;
			package = EB66578C2992ECAE00CAEAEC /* XCRemoteSwiftPackageReference "firebase-ios-sdk" */;
			productName = FirebaseAnalytics;
		};
		EB66578F2992ECAE00CAEAEC /* FirebaseAnalyticsSwift */ = {
			isa = XCSwiftPackageProductDependency;
			package = EB66578C2992ECAE00CAEAEC /* XCRemoteSwiftPackageReference "firebase-ios-sdk" */;
			productName = FirebaseAnalyticsSwift;
		};
		EB6657912992ECAE00CAEAEC /* FirebaseFirestore */ = {
			isa = XCSwiftPackageProductDependency;
			package = EB66578C2992ECAE00CAEAEC /* XCRemoteSwiftPackageReference "firebase-ios-sdk" */;
			productName = FirebaseFirestore;
		};
		EB6657932992ECAE00CAEAEC /* FirebaseFirestoreSwift */ = {
			isa = XCSwiftPackageProductDependency;
			package = EB66578C2992ECAE00CAEAEC /* XCRemoteSwiftPackageReference "firebase-ios-sdk" */;
			productName = FirebaseFirestoreSwift;
		};
/* End XCSwiftPackageProductDependency section */
	};
	rootObject = 643650FC2991AA260017AA0E /* Project object */;
}
